// !$*UTF8*$!
{
	archiveVersion = 1;
	classes = {
	};
	objectVersion = 51;
	objects = {

/* Begin PBXBuildFile section */
		286A9E513FF76942D9517A32 /* Pods_AutomobileCatalog.framework in Frameworks */ = {isa = PBXBuildFile; fileRef = DAABAA3D308CFC00F5F64C9B /* Pods_AutomobileCatalog.framework */; };
		5291F43B251B36AE005156EF /* AppDelegate.swift in Sources */ = {isa = PBXBuildFile; fileRef = 5291F43A251B36AE005156EF /* AppDelegate.swift */; };
		5291F43D251B36AE005156EF /* SceneDelegate.swift in Sources */ = {isa = PBXBuildFile; fileRef = 5291F43C251B36AE005156EF /* SceneDelegate.swift */; };
		5291F442251B36AE005156EF /* Main.storyboard in Resources */ = {isa = PBXBuildFile; fileRef = 5291F440251B36AE005156EF /* Main.storyboard */; };
		5291F444251B36B1005156EF /* Assets.xcassets in Resources */ = {isa = PBXBuildFile; fileRef = 5291F443251B36B1005156EF /* Assets.xcassets */; };
		5291F447251B36B1005156EF /* LaunchScreen.storyboard in Resources */ = {isa = PBXBuildFile; fileRef = 5291F445251B36B1005156EF /* LaunchScreen.storyboard */; };
		5291F474251B6787005156EF /* .gitignore in Resources */ = {isa = PBXBuildFile; fileRef = 5291F473251B6787005156EF /* .gitignore */; };
		5291F480251B6CDB005156EF /* MainTabController.swift in Sources */ = {isa = PBXBuildFile; fileRef = 5291F47F251B6CDB005156EF /* MainTabController.swift */; };
		5291F483251B6FF2005156EF /* ListController.swift in Sources */ = {isa = PBXBuildFile; fileRef = 5291F482251B6FF2005156EF /* ListController.swift */; };
		5291F486251B7552005156EF /* ExploreController.swift in Sources */ = {isa = PBXBuildFile; fileRef = 5291F485251B7552005156EF /* ExploreController.swift */; };
		5291F489251B75C1005156EF /* NotificationsController.swift in Sources */ = {isa = PBXBuildFile; fileRef = 5291F488251B75C1005156EF /* NotificationsController.swift */; };
		5291F490251B767B005156EF /* ConversationsController.swift in Sources */ = {isa = PBXBuildFile; fileRef = 5291F48F251B767B005156EF /* ConversationsController.swift */; };
		5291F493251B9A80005156EF /* Extensions.swift in Sources */ = {isa = PBXBuildFile; fileRef = 5291F492251B9A80005156EF /* Extensions.swift */; };
		5291F498251BA292005156EF /* LoginController.swift in Sources */ = {isa = PBXBuildFile; fileRef = 5291F497251BA292005156EF /* LoginController.swift */; };
		5291F49C251BA34E005156EF /* RegistrationController.swift in Sources */ = {isa = PBXBuildFile; fileRef = 5291F49B251BA34E005156EF /* RegistrationController.swift */; };
		5291F49F251BB343005156EF /* Utillities.swift in Sources */ = {isa = PBXBuildFile; fileRef = 5291F49E251BB343005156EF /* Utillities.swift */; };
		5291F4AC251C5247005156EF /* GoogleService-Info.plist in Resources */ = {isa = PBXBuildFile; fileRef = 5291F4AB251C5247005156EF /* GoogleService-Info.plist */; };
		5291F4E1251C6E18005156EF /* Constants.swift in Sources */ = {isa = PBXBuildFile; fileRef = 5291F4E0251C6E18005156EF /* Constants.swift */; };
		5291F4E4251C8C61005156EF /* AuthService.swift in Sources */ = {isa = PBXBuildFile; fileRef = 5291F4E3251C8C61005156EF /* AuthService.swift */; };
/* End PBXBuildFile section */

/* Begin PBXFileReference section */
		5291F437251B36AE005156EF /* AutomobileCatalog.app */ = {isa = PBXFileReference; explicitFileType = wrapper.application; includeInIndex = 0; path = AutomobileCatalog.app; sourceTree = BUILT_PRODUCTS_DIR; };
		5291F43A251B36AE005156EF /* AppDelegate.swift */ = {isa = PBXFileReference; lastKnownFileType = sourcecode.swift; path = AppDelegate.swift; sourceTree = "<group>"; };
		5291F43C251B36AE005156EF /* SceneDelegate.swift */ = {isa = PBXFileReference; lastKnownFileType = sourcecode.swift; path = SceneDelegate.swift; sourceTree = "<group>"; };
		5291F441251B36AE005156EF /* Base */ = {isa = PBXFileReference; lastKnownFileType = file.storyboard; name = Base; path = Base.lproj/Main.storyboard; sourceTree = "<group>"; };
		5291F443251B36B1005156EF /* Assets.xcassets */ = {isa = PBXFileReference; lastKnownFileType = folder.assetcatalog; path = Assets.xcassets; sourceTree = "<group>"; };
		5291F446251B36B1005156EF /* Base */ = {isa = PBXFileReference; lastKnownFileType = file.storyboard; name = Base; path = Base.lproj/LaunchScreen.storyboard; sourceTree = "<group>"; };
		5291F448251B36B1005156EF /* Info.plist */ = {isa = PBXFileReference; lastKnownFileType = text.plist.xml; path = Info.plist; sourceTree = "<group>"; };
		5291F473251B6787005156EF /* .gitignore */ = {isa = PBXFileReference; lastKnownFileType = text; path = .gitignore; sourceTree = "<group>"; };
		5291F476251B692F005156EF /* README.md */ = {isa = PBXFileReference; lastKnownFileType = net.daringfireball.markdown; path = README.md; sourceTree = "<group>"; };
		5291F47F251B6CDB005156EF /* MainTabController.swift */ = {isa = PBXFileReference; lastKnownFileType = sourcecode.swift; path = MainTabController.swift; sourceTree = "<group>"; };
		5291F482251B6FF2005156EF /* ListController.swift */ = {isa = PBXFileReference; lastKnownFileType = sourcecode.swift; path = ListController.swift; sourceTree = "<group>"; };
		5291F485251B7552005156EF /* ExploreController.swift */ = {isa = PBXFileReference; lastKnownFileType = sourcecode.swift; path = ExploreController.swift; sourceTree = "<group>"; };
		5291F488251B75C1005156EF /* NotificationsController.swift */ = {isa = PBXFileReference; lastKnownFileType = sourcecode.swift; path = NotificationsController.swift; sourceTree = "<group>"; };
		5291F48F251B767B005156EF /* ConversationsController.swift */ = {isa = PBXFileReference; lastKnownFileType = sourcecode.swift; path = ConversationsController.swift; sourceTree = "<group>"; };
		5291F492251B9A80005156EF /* Extensions.swift */ = {isa = PBXFileReference; lastKnownFileType = sourcecode.swift; path = Extensions.swift; sourceTree = "<group>"; };
		5291F497251BA292005156EF /* LoginController.swift */ = {isa = PBXFileReference; lastKnownFileType = sourcecode.swift; path = LoginController.swift; sourceTree = "<group>"; };
		5291F49B251BA34E005156EF /* RegistrationController.swift */ = {isa = PBXFileReference; lastKnownFileType = sourcecode.swift; path = RegistrationController.swift; sourceTree = "<group>"; };
		5291F49E251BB343005156EF /* Utillities.swift */ = {isa = PBXFileReference; lastKnownFileType = sourcecode.swift; path = Utillities.swift; sourceTree = "<group>"; };
		5291F4AB251C5247005156EF /* GoogleService-Info.plist */ = {isa = PBXFileReference; fileEncoding = 4; lastKnownFileType = text.plist.xml; path = "GoogleService-Info.plist"; sourceTree = "<group>"; };
		5291F4E0251C6E18005156EF /* Constants.swift */ = {isa = PBXFileReference; lastKnownFileType = sourcecode.swift; path = Constants.swift; sourceTree = "<group>"; };
		5291F4E3251C8C61005156EF /* AuthService.swift */ = {isa = PBXFileReference; lastKnownFileType = sourcecode.swift; path = AuthService.swift; sourceTree = "<group>"; };
		DAABAA3D308CFC00F5F64C9B /* Pods_AutomobileCatalog.framework */ = {isa = PBXFileReference; explicitFileType = wrapper.framework; includeInIndex = 0; path = Pods_AutomobileCatalog.framework; sourceTree = BUILT_PRODUCTS_DIR; };
		F55D01547DF9B49ABCAB1D8A /* Pods-AutomobileCatalog.debug.xcconfig */ = {isa = PBXFileReference; includeInIndex = 1; lastKnownFileType = text.xcconfig; name = "Pods-AutomobileCatalog.debug.xcconfig"; path = "Target Support Files/Pods-AutomobileCatalog/Pods-AutomobileCatalog.debug.xcconfig"; sourceTree = "<group>"; };
		FCA5FE5BC6A33623CBEC1ABB /* Pods-AutomobileCatalog.release.xcconfig */ = {isa = PBXFileReference; includeInIndex = 1; lastKnownFileType = text.xcconfig; name = "Pods-AutomobileCatalog.release.xcconfig"; path = "Target Support Files/Pods-AutomobileCatalog/Pods-AutomobileCatalog.release.xcconfig"; sourceTree = "<group>"; };
/* End PBXFileReference section */

/* Begin PBXFrameworksBuildPhase section */
		5291F434251B36AE005156EF /* Frameworks */ = {
			isa = PBXFrameworksBuildPhase;
			buildActionMask = 2147483647;
			files = (
				286A9E513FF76942D9517A32 /* Pods_AutomobileCatalog.framework in Frameworks */,
			);
			runOnlyForDeploymentPostprocessing = 0;
		};
/* End PBXFrameworksBuildPhase section */

/* Begin PBXGroup section */
		4F698ACE2913419B6AD70656 /* Frameworks */ = {
			isa = PBXGroup;
			children = (
				DAABAA3D308CFC00F5F64C9B /* Pods_AutomobileCatalog.framework */,
			);
			name = Frameworks;
			sourceTree = "<group>";
		};
		5291F42E251B36AE005156EF = {
			isa = PBXGroup;
			children = (
				5291F439251B36AE005156EF /* AutomobileCatalog */,
				5291F438251B36AE005156EF /* Products */,
				5291F473251B6787005156EF /* .gitignore */,
				5291F476251B692F005156EF /* README.md */,
				6542AE226A98169942CD20DD /* Pods */,
				4F698ACE2913419B6AD70656 /* Frameworks */,
			);
			sourceTree = "<group>";
		};
		5291F438251B36AE005156EF /* Products */ = {
			isa = PBXGroup;
			children = (
				5291F437251B36AE005156EF /* AutomobileCatalog.app */,
			);
			name = Products;
			sourceTree = "<group>";
		};
		5291F439251B36AE005156EF /* AutomobileCatalog */ = {
			isa = PBXGroup;
			children = (
				5291F47C251B6B23005156EF /* Model */,
				5291F47B251B6AEC005156EF /* View */,
				5291F47A251B6AE5005156EF /* ViewModel */,
				5291F479251B6AE2005156EF /* Controller */,
				5291F477251B6AC9005156EF /* API */,
				5291F478251B6AD0005156EF /* Utilities */,
				5291F43A251B36AE005156EF /* AppDelegate.swift */,
				5291F43C251B36AE005156EF /* SceneDelegate.swift */,
				5291F440251B36AE005156EF /* Main.storyboard */,
				5291F443251B36B1005156EF /* Assets.xcassets */,
				5291F445251B36B1005156EF /* LaunchScreen.storyboard */,
				5291F4AB251C5247005156EF /* GoogleService-Info.plist */,
				5291F448251B36B1005156EF /* Info.plist */,
			);
			path = AutomobileCatalog;
			sourceTree = "<group>";
		};
		5291F477251B6AC9005156EF /* API */ = {
			isa = PBXGroup;
			children = (
				5291F4E3251C8C61005156EF /* AuthService.swift */,
			);
			name = API;
			sourceTree = "<group>";
		};
		5291F478251B6AD0005156EF /* Utilities */ = {
			isa = PBXGroup;
			children = (
				5291F492251B9A80005156EF /* Extensions.swift */,
				5291F49E251BB343005156EF /* Utillities.swift */,
				5291F4E0251C6E18005156EF /* Constants.swift */,
			);
			path = Utilities;
			sourceTree = "<group>";
		};
		5291F479251B6AE2005156EF /* Controller */ = {
			isa = PBXGroup;
			children = (
				5291F496251BA268005156EF /* Auth */,
				5291F47F251B6CDB005156EF /* MainTabController.swift */,
				5291F482251B6FF2005156EF /* ListController.swift */,
				5291F485251B7552005156EF /* ExploreController.swift */,
				5291F488251B75C1005156EF /* NotificationsController.swift */,
				5291F48F251B767B005156EF /* ConversationsController.swift */,
			);
			name = Controller;
			sourceTree = "<group>";
		};
		5291F47A251B6AE5005156EF /* ViewModel */ = {
			isa = PBXGroup;
			children = (
			);
			name = ViewModel;
			sourceTree = "<group>";
		};
		5291F47B251B6AEC005156EF /* View */ = {
			isa = PBXGroup;
			children = (
			);
			name = View;
			sourceTree = "<group>";
		};
		5291F47C251B6B23005156EF /* Model */ = {
			isa = PBXGroup;
			children = (
			);
			name = Model;
			sourceTree = "<group>";
		};
		5291F496251BA268005156EF /* Auth */ = {
			isa = PBXGroup;
			children = (
				5291F497251BA292005156EF /* LoginController.swift */,
				5291F49B251BA34E005156EF /* RegistrationController.swift */,
			);
			name = Auth;
			sourceTree = "<group>";
		};
		6542AE226A98169942CD20DD /* Pods */ = {
			isa = PBXGroup;
			children = (
				F55D01547DF9B49ABCAB1D8A /* Pods-AutomobileCatalog.debug.xcconfig */,
				FCA5FE5BC6A33623CBEC1ABB /* Pods-AutomobileCatalog.release.xcconfig */,
			);
			path = Pods;
			sourceTree = "<group>";
		};
/* End PBXGroup section */

/* Begin PBXNativeTarget section */
		5291F436251B36AE005156EF /* AutomobileCatalog */ = {
			isa = PBXNativeTarget;
			buildConfigurationList = 5291F44B251B36B1005156EF /* Build configuration list for PBXNativeTarget "AutomobileCatalog" */;
			buildPhases = (
				E753EE4A74B272E5C436350B /* [CP] Check Pods Manifest.lock */,
				5291F433251B36AE005156EF /* Sources */,
				5291F434251B36AE005156EF /* Frameworks */,
				5291F435251B36AE005156EF /* Resources */,
				97D4C7C49205129B9BC0940F /* [CP] Embed Pods Frameworks */,
			);
			buildRules = (
			);
			dependencies = (
			);
			name = AutomobileCatalog;
			productName = AutomobileCatalog;
			productReference = 5291F437251B36AE005156EF /* AutomobileCatalog.app */;
			productType = "com.apple.product-type.application";
		};
/* End PBXNativeTarget section */

/* Begin PBXProject section */
		5291F42F251B36AE005156EF /* Project object */ = {
			isa = PBXProject;
			attributes = {
				LastSwiftUpdateCheck = 1200;
				LastUpgradeCheck = 1200;
				TargetAttributes = {
					5291F436251B36AE005156EF = {
						CreatedOnToolsVersion = 12.0;
					};
				};
			};
			buildConfigurationList = 5291F432251B36AE005156EF /* Build configuration list for PBXProject "AutomobileCatalog" */;
			compatibilityVersion = "Xcode 9.3";
			developmentRegion = en;
			hasScannedForEncodings = 0;
			knownRegions = (
				en,
				Base,
			);
			mainGroup = 5291F42E251B36AE005156EF;
			productRefGroup = 5291F438251B36AE005156EF /* Products */;
			projectDirPath = "";
			projectRoot = "";
			targets = (
				5291F436251B36AE005156EF /* AutomobileCatalog */,
			);
		};
/* End PBXProject section */

/* Begin PBXResourcesBuildPhase section */
		5291F435251B36AE005156EF /* Resources */ = {
			isa = PBXResourcesBuildPhase;
			buildActionMask = 2147483647;
			files = (
				5291F474251B6787005156EF /* .gitignore in Resources */,
				5291F447251B36B1005156EF /* LaunchScreen.storyboard in Resources */,
				5291F4AC251C5247005156EF /* GoogleService-Info.plist in Resources */,
				5291F444251B36B1005156EF /* Assets.xcassets in Resources */,
				5291F442251B36AE005156EF /* Main.storyboard in Resources */,
			);
			runOnlyForDeploymentPostprocessing = 0;
		};
/* End PBXResourcesBuildPhase section */

/* Begin PBXShellScriptBuildPhase section */
		97D4C7C49205129B9BC0940F /* [CP] Embed Pods Frameworks */ = {
			isa = PBXShellScriptBuildPhase;
			buildActionMask = 2147483647;
			files = (
			);
			inputFileListPaths = (
				"${PODS_ROOT}/Target Support Files/Pods-AutomobileCatalog/Pods-AutomobileCatalog-frameworks-${CONFIGURATION}-input-files.xcfilelist",
			);
			name = "[CP] Embed Pods Frameworks";
			outputFileListPaths = (
				"${PODS_ROOT}/Target Support Files/Pods-AutomobileCatalog/Pods-AutomobileCatalog-frameworks-${CONFIGURATION}-output-files.xcfilelist",
			);
			runOnlyForDeploymentPostprocessing = 0;
			shellPath = /bin/sh;
			shellScript = "\"${PODS_ROOT}/Target Support Files/Pods-AutomobileCatalog/Pods-AutomobileCatalog-frameworks.sh\"\n";
			showEnvVarsInLog = 0;
		};
		E753EE4A74B272E5C436350B /* [CP] Check Pods Manifest.lock */ = {
			isa = PBXShellScriptBuildPhase;
			buildActionMask = 2147483647;
			files = (
			);
			inputFileListPaths = (
			);
			inputPaths = (
				"${PODS_PODFILE_DIR_PATH}/Podfile.lock",
				"${PODS_ROOT}/Manifest.lock",
			);
			name = "[CP] Check Pods Manifest.lock";
			outputFileListPaths = (
			);
			outputPaths = (
				"$(DERIVED_FILE_DIR)/Pods-AutomobileCatalog-checkManifestLockResult.txt",
			);
			runOnlyForDeploymentPostprocessing = 0;
			shellPath = /bin/sh;
			shellScript = "diff \"${PODS_PODFILE_DIR_PATH}/Podfile.lock\" \"${PODS_ROOT}/Manifest.lock\" > /dev/null\nif [ $? != 0 ] ; then\n    # print error to STDERR\n    echo \"error: The sandbox is not in sync with the Podfile.lock. Run 'pod install' or update your CocoaPods installation.\" >&2\n    exit 1\nfi\n# This output is used by Xcode 'outputs' to avoid re-running this script phase.\necho \"SUCCESS\" > \"${SCRIPT_OUTPUT_FILE_0}\"\n";
			showEnvVarsInLog = 0;
		};
/* End PBXShellScriptBuildPhase section */

/* Begin PBXSourcesBuildPhase section */
		5291F433251B36AE005156EF /* Sources */ = {
			isa = PBXSourcesBuildPhase;
			buildActionMask = 2147483647;
			files = (
				5291F489251B75C1005156EF /* NotificationsController.swift in Sources */,
				5291F490251B767B005156EF /* ConversationsController.swift in Sources */,
				5291F43B251B36AE005156EF /* AppDelegate.swift in Sources */,
				5291F493251B9A80005156EF /* Extensions.swift in Sources */,
				5291F498251BA292005156EF /* LoginController.swift in Sources */,
				5291F49F251BB343005156EF /* Utillities.swift in Sources */,
				5291F4E4251C8C61005156EF /* AuthService.swift in Sources */,
				5291F486251B7552005156EF /* ExploreController.swift in Sources */,
				5291F43D251B36AE005156EF /* SceneDelegate.swift in Sources */,
				5291F480251B6CDB005156EF /* MainTabController.swift in Sources */,
				5291F49C251BA34E005156EF /* RegistrationController.swift in Sources */,
				5291F483251B6FF2005156EF /* ListController.swift in Sources */,
				5291F4E1251C6E18005156EF /* Constants.swift in Sources */,
			);
			runOnlyForDeploymentPostprocessing = 0;
		};
/* End PBXSourcesBuildPhase section */

/* Begin PBXVariantGroup section */
		5291F440251B36AE005156EF /* Main.storyboard */ = {
			isa = PBXVariantGroup;
			children = (
				5291F441251B36AE005156EF /* Base */,
			);
			name = Main.storyboard;
			sourceTree = "<group>";
		};
		5291F445251B36B1005156EF /* LaunchScreen.storyboard */ = {
			isa = PBXVariantGroup;
			children = (
				5291F446251B36B1005156EF /* Base */,
			);
			name = LaunchScreen.storyboard;
			sourceTree = "<group>";
		};
/* End PBXVariantGroup section */

/* Begin XCBuildConfiguration section */
		5291F449251B36B1005156EF /* Debug */ = {
			isa = XCBuildConfiguration;
			buildSettings = {
				ALWAYS_SEARCH_USER_PATHS = NO;
				CLANG_ANALYZER_NONNULL = YES;
				CLANG_ANALYZER_NUMBER_OBJECT_CONVERSION = YES_AGGRESSIVE;
				CLANG_CXX_LANGUAGE_STANDARD = "gnu++14";
				CLANG_CXX_LIBRARY = "libc++";
				CLANG_ENABLE_MODULES = YES;
				CLANG_ENABLE_OBJC_ARC = YES;
				CLANG_ENABLE_OBJC_WEAK = YES;
				CLANG_WARN_BLOCK_CAPTURE_AUTORELEASING = YES;
				CLANG_WARN_BOOL_CONVERSION = YES;
				CLANG_WARN_COMMA = YES;
				CLANG_WARN_CONSTANT_CONVERSION = YES;
				CLANG_WARN_DEPRECATED_OBJC_IMPLEMENTATIONS = YES;
				CLANG_WARN_DIRECT_OBJC_ISA_USAGE = YES_ERROR;
				CLANG_WARN_DOCUMENTATION_COMMENTS = YES;
				CLANG_WARN_EMPTY_BODY = YES;
				CLANG_WARN_ENUM_CONVERSION = YES;
				CLANG_WARN_INFINITE_RECURSION = YES;
				CLANG_WARN_INT_CONVERSION = YES;
				CLANG_WARN_NON_LITERAL_NULL_CONVERSION = YES;
				CLANG_WARN_OBJC_IMPLICIT_RETAIN_SELF = YES;
				CLANG_WARN_OBJC_LITERAL_CONVERSION = YES;
				CLANG_WARN_OBJC_ROOT_CLASS = YES_ERROR;
				CLANG_WARN_QUOTED_INCLUDE_IN_FRAMEWORK_HEADER = YES;
				CLANG_WARN_RANGE_LOOP_ANALYSIS = YES;
				CLANG_WARN_STRICT_PROTOTYPES = YES;
				CLANG_WARN_SUSPICIOUS_MOVE = YES;
				CLANG_WARN_UNGUARDED_AVAILABILITY = YES_AGGRESSIVE;
				CLANG_WARN_UNREACHABLE_CODE = YES;
				CLANG_WARN__DUPLICATE_METHOD_MATCH = YES;
				COPY_PHASE_STRIP = NO;
				DEBUG_INFORMATION_FORMAT = dwarf;
				ENABLE_STRICT_OBJC_MSGSEND = YES;
				ENABLE_TESTABILITY = YES;
				GCC_C_LANGUAGE_STANDARD = gnu11;
				GCC_DYNAMIC_NO_PIC = NO;
				GCC_NO_COMMON_BLOCKS = YES;
				GCC_OPTIMIZATION_LEVEL = 0;
				GCC_PREPROCESSOR_DEFINITIONS = (
					"DEBUG=1",
					"$(inherited)",
				);
				GCC_WARN_64_TO_32_BIT_CONVERSION = YES;
				GCC_WARN_ABOUT_RETURN_TYPE = YES_ERROR;
				GCC_WARN_UNDECLARED_SELECTOR = YES;
				GCC_WARN_UNINITIALIZED_AUTOS = YES_AGGRESSIVE;
				GCC_WARN_UNUSED_FUNCTION = YES;
				GCC_WARN_UNUSED_VARIABLE = YES;
				IPHONEOS_DEPLOYMENT_TARGET = 14.0;
				MTL_ENABLE_DEBUG_INFO = INCLUDE_SOURCE;
				MTL_FAST_MATH = YES;
				ONLY_ACTIVE_ARCH = YES;
				SDKROOT = iphoneos;
				SWIFT_ACTIVE_COMPILATION_CONDITIONS = DEBUG;
				SWIFT_OPTIMIZATION_LEVEL = "-Onone";
			};
			name = Debug;
		};
		5291F44A251B36B1005156EF /* Release */ = {
			isa = XCBuildConfiguration;
			buildSettings = {
				ALWAYS_SEARCH_USER_PATHS = NO;
				CLANG_ANALYZER_NONNULL = YES;
				CLANG_ANALYZER_NUMBER_OBJECT_CONVERSION = YES_AGGRESSIVE;
				CLANG_CXX_LANGUAGE_STANDARD = "gnu++14";
				CLANG_CXX_LIBRARY = "libc++";
				CLANG_ENABLE_MODULES = YES;
				CLANG_ENABLE_OBJC_ARC = YES;
				CLANG_ENABLE_OBJC_WEAK = YES;
				CLANG_WARN_BLOCK_CAPTURE_AUTORELEASING = YES;
				CLANG_WARN_BOOL_CONVERSION = YES;
				CLANG_WARN_COMMA = YES;
				CLANG_WARN_CONSTANT_CONVERSION = YES;
				CLANG_WARN_DEPRECATED_OBJC_IMPLEMENTATIONS = YES;
				CLANG_WARN_DIRECT_OBJC_ISA_USAGE = YES_ERROR;
				CLANG_WARN_DOCUMENTATION_COMMENTS = YES;
				CLANG_WARN_EMPTY_BODY = YES;
				CLANG_WARN_ENUM_CONVERSION = YES;
				CLANG_WARN_INFINITE_RECURSION = YES;
				CLANG_WARN_INT_CONVERSION = YES;
				CLANG_WARN_NON_LITERAL_NULL_CONVERSION = YES;
				CLANG_WARN_OBJC_IMPLICIT_RETAIN_SELF = YES;
				CLANG_WARN_OBJC_LITERAL_CONVERSION = YES;
				CLANG_WARN_OBJC_ROOT_CLASS = YES_ERROR;
				CLANG_WARN_QUOTED_INCLUDE_IN_FRAMEWORK_HEADER = YES;
				CLANG_WARN_RANGE_LOOP_ANALYSIS = YES;
				CLANG_WARN_STRICT_PROTOTYPES = YES;
				CLANG_WARN_SUSPICIOUS_MOVE = YES;
				CLANG_WARN_UNGUARDED_AVAILABILITY = YES_AGGRESSIVE;
				CLANG_WARN_UNREACHABLE_CODE = YES;
				CLANG_WARN__DUPLICATE_METHOD_MATCH = YES;
				COPY_PHASE_STRIP = NO;
				DEBUG_INFORMATION_FORMAT = "dwarf-with-dsym";
				ENABLE_NS_ASSERTIONS = NO;
				ENABLE_STRICT_OBJC_MSGSEND = YES;
				GCC_C_LANGUAGE_STANDARD = gnu11;
				GCC_NO_COMMON_BLOCKS = YES;
				GCC_WARN_64_TO_32_BIT_CONVERSION = YES;
				GCC_WARN_ABOUT_RETURN_TYPE = YES_ERROR;
				GCC_WARN_UNDECLARED_SELECTOR = YES;
				GCC_WARN_UNINITIALIZED_AUTOS = YES_AGGRESSIVE;
				GCC_WARN_UNUSED_FUNCTION = YES;
				GCC_WARN_UNUSED_VARIABLE = YES;
				IPHONEOS_DEPLOYMENT_TARGET = 14.0;
				MTL_ENABLE_DEBUG_INFO = NO;
				MTL_FAST_MATH = YES;
				SDKROOT = iphoneos;
				SWIFT_COMPILATION_MODE = wholemodule;
				SWIFT_OPTIMIZATION_LEVEL = "-O";
				VALIDATE_PRODUCT = YES;
			};
			name = Release;
		};
		5291F44C251B36B1005156EF /* Debug */ = {
			isa = XCBuildConfiguration;
			baseConfigurationReference = F55D01547DF9B49ABCAB1D8A /* Pods-AutomobileCatalog.debug.xcconfig */;
			buildSettings = {
				ASSETCATALOG_COMPILER_APPICON_NAME = AppIcon;
				ASSETCATALOG_COMPILER_GLOBAL_ACCENT_COLOR_NAME = AccentColor;
				CODE_SIGN_STYLE = Automatic;
				DEVELOPMENT_TEAM = 972D9Z4QKX;
				INFOPLIST_FILE = AutomobileCatalog/Info.plist;
				LD_RUNPATH_SEARCH_PATHS = (
					"$(inherited)",
					"@executable_path/Frameworks",
				);
				PRODUCT_BUNDLE_IDENTIFIER = com.ericgrant.AutomobileCatalog;
				PRODUCT_NAME = "$(TARGET_NAME)";
				SWIFT_VERSION = 5.0;
				TARGETED_DEVICE_FAMILY = "1,2";
			};
			name = Debug;
		};
		5291F44D251B36B1005156EF /* Release */ = {
			isa = XCBuildConfiguration;
			baseConfigurationReference = FCA5FE5BC6A33623CBEC1ABB /* Pods-AutomobileCatalog.release.xcconfig */;
			buildSettings = {
				ASSETCATALOG_COMPILER_APPICON_NAME = AppIcon;
				ASSETCATALOG_COMPILER_GLOBAL_ACCENT_COLOR_NAME = AccentColor;
				CODE_SIGN_STYLE = Automatic;
				DEVELOPMENT_TEAM = 972D9Z4QKX;
				INFOPLIST_FILE = AutomobileCatalog/Info.plist;
				LD_RUNPATH_SEARCH_PATHS = (
					"$(inherited)",
					"@executable_path/Frameworks",
				);
				PRODUCT_BUNDLE_IDENTIFIER = com.ericgrant.AutomobileCatalog;
				PRODUCT_NAME = "$(TARGET_NAME)";
				SWIFT_VERSION = 5.0;
				TARGETED_DEVICE_FAMILY = "1,2";
			};
			name = Release;
		};
/* End XCBuildConfiguration section */

/* Begin XCConfigurationList section */
		5291F432251B36AE005156EF /* Build configuration list for PBXProject "AutomobileCatalog" */ = {
			isa = XCConfigurationList;
			buildConfigurations = (
				5291F449251B36B1005156EF /* Debug */,
				5291F44A251B36B1005156EF /* Release */,
			);
			defaultConfigurationIsVisible = 0;
			defaultConfigurationName = Release;
		};
		5291F44B251B36B1005156EF /* Build configuration list for PBXNativeTarget "AutomobileCatalog" */ = {
			isa = XCConfigurationList;
			buildConfigurations = (
				5291F44C251B36B1005156EF /* Debug */,
				5291F44D251B36B1005156EF /* Release */,
			);
			defaultConfigurationIsVisible = 0;
			defaultConfigurationName = Release;
		};
/* End XCConfigurationList section */
	};
	rootObject = 5291F42F251B36AE005156EF /* Project object */;
}
